# This file is automatically @generated by Cargo.
# It is not intended for manual editing.
version = 4

[[package]]
name = "pinocchio"
version = "0.9.3"
source = "registry+https://github.com/rust-lang/crates.io-index"
checksum = "b8afe4f39c0e25cc471b35b89963312791a5162d45a86578cbeaad9e5e7d1b3b"

[[package]]
name = "post-vaa-relay"
version = "0.1.0"
dependencies = [
 "pinocchio",
]
